
Microsoft Visual Studio Solution File, Format Version 12.00
# Visual Studio 15
VisualStudioVersion = 15.0.26124.0
MinimumVisualStudioVersion = 15.0.26124.0
Project("{2150E333-8FDC-42A3-9474-1A3956D46DE8}") = "src", "src", "{B2F401BE-B02A-4669-A4AB-1B85CFD73508}"
EndProject
Project("{FAE04EC0-301F-11D3-BF4B-00C04F79EFBC}") = "Financial", "src\Financial\Financial.csproj", "{3D6DD4FE-CFCE-4008-A793-395B9FEC7D84}"
EndProject
Project("{2150E333-8FDC-42A3-9474-1A3956D46DE8}") = "test", "test", "{BD4FA2C3-B056-472F-9114-6C286407681D}"
EndProject
Project("{FAE04EC0-301F-11D3-BF4B-00C04F79EFBC}") = "Financial.Tests", "test\Financial.Tests\Financial.Tests.csproj", "{5A49836C-EE9C-450E-8E10-C9C9CCBB729D}"
EndProject
Global
	GlobalSection(SolutionConfigurationPlatforms) = preSolution
		Debug|Any CPU = Debug|Any CPU
		Debug|x64 = Debug|x64
		Debug|x86 = Debug|x86
		Release|Any CPU = Release|Any CPU
		Release|x64 = Release|x64
		Release|x86 = Release|x86
	EndGlobalSection
	GlobalSection(SolutionProperties) = preSolution
		HideSolutionNode = FALSE
	EndGlobalSection
	GlobalSection(ProjectConfigurationPlatforms) = postSolution
		{3D6DD4FE-CFCE-4008-A793-395B9FEC7D84}.Debug|Any CPU.ActiveCfg = Debug|Any CPU
		{3D6DD4FE-CFCE-4008-A793-395B9FEC7D84}.Debug|Any CPU.Build.0 = Debug|Any CPU
		{3D6DD4FE-CFCE-4008-A793-395B9FEC7D84}.Debug|x64.ActiveCfg = Debug|Any CPU
		{3D6DD4FE-CFCE-4008-A793-395B9FEC7D84}.Debug|x64.Build.0 = Debug|Any CPU
		{3D6DD4FE-CFCE-4008-A793-395B9FEC7D84}.Debug|x86.ActiveCfg = Debug|Any CPU
		{3D6DD4FE-CFCE-4008-A793-395B9FEC7D84}.Debug|x86.Build.0 = Debug|Any CPU
		{3D6DD4FE-CFCE-4008-A793-395B9FEC7D84}.Release|Any CPU.ActiveCfg = Release|Any CPU
		{3D6DD4FE-CFCE-4008-A793-395B9FEC7D84}.Release|Any CPU.Build.0 = Release|Any CPU
		{3D6DD4FE-CFCE-4008-A793-395B9FEC7D84}.Release|x64.ActiveCfg = Release|Any CPU
		{3D6DD4FE-CFCE-4008-A793-395B9FEC7D84}.Release|x64.Build.0 = Release|Any CPU
		{3D6DD4FE-CFCE-4008-A793-395B9FEC7D84}.Release|x86.ActiveCfg = Release|Any CPU
		{3D6DD4FE-CFCE-4008-A793-395B9FEC7D84}.Release|x86.Build.0 = Release|Any CPU
		{5A49836C-EE9C-450E-8E10-C9C9CCBB729D}.Debug|Any CPU.ActiveCfg = Debug|Any CPU
		{5A49836C-EE9C-450E-8E10-C9C9CCBB729D}.Debug|Any CPU.Build.0 = Debug|Any CPU
		{5A49836C-EE9C-450E-8E10-C9C9CCBB729D}.Debug|x64.ActiveCfg = Debug|Any CPU
		{5A49836C-EE9C-450E-8E10-C9C9CCBB729D}.Debug|x64.Build.0 = Debug|Any CPU
		{5A49836C-EE9C-450E-8E10-C9C9CCBB729D}.Debug|x86.ActiveCfg = Debug|Any CPU
		{5A49836C-EE9C-450E-8E10-C9C9CCBB729D}.Debug|x86.Build.0 = Debug|Any CPU
		{5A49836C-EE9C-450E-8E10-C9C9CCBB729D}.Release|Any CPU.ActiveCfg = Release|Any CPU
		{5A49836C-EE9C-450E-8E10-C9C9CCBB729D}.Release|Any CPU.Build.0 = Release|Any CPU
		{5A49836C-EE9C-450E-8E10-C9C9CCBB729D}.Release|x64.ActiveCfg = Release|Any CPU
		{5A49836C-EE9C-450E-8E10-C9C9CCBB729D}.Release|x64.Build.0 = Release|Any CPU
		{5A49836C-EE9C-450E-8E10-C9C9CCBB729D}.Release|x86.ActiveCfg = Release|Any CPU
		{5A49836C-EE9C-450E-8E10-C9C9CCBB729D}.Release|x86.Build.0 = Release|Any CPU
	EndGlobalSection
	GlobalSection(NestedProjects) = preSolution
		{3D6DD4FE-CFCE-4008-A793-395B9FEC7D84} = {B2F401BE-B02A-4669-A4AB-1B85CFD73508}
		{5A49836C-EE9C-450E-8E10-C9C9CCBB729D} = {BD4FA2C3-B056-472F-9114-6C286407681D}
	EndGlobalSection
EndGlobal
